# IF THERE'S A GIT CONFLICT IN THIS FILE, DON'T SOLVE IT MANUALLY!
# INSTEAD EXECUTE `prisma2 migrate fix`
# Prisma Migrate lockfile v1
# Read more about conflict resolution here: TODO

20200224035644-initialize
20200303091812-with-unique-user-name-stock-portfolio
20200322200849-with-temp-header-string
20200329173845-init
20200329173936-add-balance-and-transaction
20200329174054-init