# IF THERE'S A GIT CONFLICT IN THIS FILE, DON'T SOLVE IT MANUALLY!
# INSTEAD EXECUTE `prisma migrate fix`
# Prisma Migrate lockfile v1
# Read more about conflict resolution here: TODO

20200331224203-init
20200404004556-with-stripe-details
20200404034940-stripe-details-with-required-customerid
20200405054628-transaction-with-payment-intent-id
20200405060017-transaction-with-optional-payment-intent-id
20200405070331-transaction-with-status
20200414072514-new-webhook-model
20200414075848-webhook-add-name
20200414191004-switch-user-for-stockportfolio-on-webhook
20200422021403-snapshot-model